Microsoft Visual Studio Solution File, Format Version 12.00
# Visual Studio Version 17
VisualStudioVersion = 17.5.2.0
MinimumVisualStudioVersion = 10.0.40219.1
Project("{FAE04EC0-301F-11D3-BF4B-00C04F79EFBC}") = "user", "user.csproj", "{BD926AE9-83D0-12C4-049D-CE01DED6571D}"
EndProject
Global
	GlobalSection(SolutionConfigurationPlatforms) = preSolution
		Debug|Any CPU = Debug|Any CPU
		Release|Any CPU = Release|Any CPU
	EndGlobalSection
	GlobalSection(ProjectConfigurationPlatforms) = postSolution
		{BD926AE9-83D0-12C4-049D-CE01DED6571D}.Debug|Any CPU.ActiveCfg = Debug|Any CPU
		{BD926AE9-83D0-12C4-049D-CE01DED6571D}.Debug|Any CPU.Build.0 = Debug|Any CPU
		{BD926AE9-83D0-12C4-049D-CE01DED6571D}.Release|Any CPU.ActiveCfg = Release|Any CPU
		{BD926AE9-83D0-12C4-049D-CE01DED6571D}.Release|Any CPU.Build.0 = Release|Any CPU
	EndGlobalSection
	GlobalSection(SolutionProperties) = preSolution
		HideSolutionNode = FALSE
	EndGlobalSection
	GlobalSection(ExtensibilityGlobals) = postSolution
		SolutionGuid = {21FEA945-1AFC-4A03-BD01-9B9FAA8B9D7C}
	EndGlobalSection
EndGlobal
